
Microsoft Visual Studio Solution File, Format Version 12.00
# Visual Studio Version 17
VisualStudioVersion = 17.0.31903.59
MinimumVisualStudioVersion = 10.0.40219.1
Project("{2150E333-8FDC-42A3-9474-1A3956D46DE8}") = "src", "src", "{827E0CD3-B72D-47B6-A68D-7590B98EB39B}"
EndProject
Project("{FAE04EC0-301F-11D3-BF4B-00C04F79EFBC}") = "AbpSolution2.HttpApi.Host", "src\AbpSolution2.HttpApi.Host\AbpSolution2.HttpApi.Host.csproj", "{03FB3E5C-548A-4F2D-957B-975D20CCCA72}"
EndProject
Project("{FAE04EC0-301F-11D3-BF4B-00C04F79EFBC}") = "AbpSolution2.Application", "src\AbpSolution2.Application\AbpSolution2.Application.csproj", "{4A893C44-F5BC-4ED0-B868-EC06A94F2C93}"
EndProject
Project("{FAE04EC0-301F-11D3-BF4B-00C04F79EFBC}") = "AbpSolution2.Domain", "src\AbpSolution2.Domain\AbpSolution2.Domain.csproj", "{4D6B0947-E6F8-47A3-B7B3-5CF245EC7779}"
EndProject
Project("{FAE04EC0-301F-11D3-BF4B-00C04F79EFBC}") = "AbpSolution2.Domain.Shared", "src\AbpSolution2.Domain.Shared\AbpSolution2.Domain.Shared.csproj", "{BBEECC8B-A013-4D88-837B-E935737EB5B3}"
EndProject
Project("{FAE04EC0-301F-11D3-BF4B-00C04F79EFBC}") = "AbpSolution2.Application.Contracts", "src\AbpSolution2.Application.Contracts\AbpSolution2.Application.Contracts.csproj", "{F82A8BD7-0553-4974-9B86-3817F9C9424B}"
EndProject
Project("{FAE04EC0-301F-11D3-BF4B-00C04F79EFBC}") = "AbpSolution2.HttpApi", "src\AbpSolution2.HttpApi\AbpSolution2.HttpApi.csproj", "{FEC9EA96-4A19-4ED4-832D-E28A0A4F2737}"
EndProject
Project("{FAE04EC0-301F-11D3-BF4B-00C04F79EFBC}") = "AbpSolution2.EntityFrameworkCore", "src\AbpSolution2.EntityFrameworkCore\AbpSolution2.EntityFrameworkCore.csproj", "{18F58E6E-9573-4B84-A9D9-CC2E1CDC7692}"
EndProject
Global
	GlobalSection(SolutionConfigurationPlatforms) = preSolution
		Debug|Any CPU = Debug|Any CPU
		Debug|x64 = Debug|x64
		Debug|x86 = Debug|x86
		Release|Any CPU = Release|Any CPU
		Release|x64 = Release|x64
		Release|x86 = Release|x86
	EndGlobalSection
	GlobalSection(ProjectConfigurationPlatforms) = postSolution
		{03FB3E5C-548A-4F2D-957B-975D20CCCA72}.Debug|Any CPU.ActiveCfg = Debug|Any CPU
		{03FB3E5C-548A-4F2D-957B-975D20CCCA72}.Debug|Any CPU.Build.0 = Debug|Any CPU
		{03FB3E5C-548A-4F2D-957B-975D20CCCA72}.Debug|x64.ActiveCfg = Debug|Any CPU
		{03FB3E5C-548A-4F2D-957B-975D20CCCA72}.Debug|x64.Build.0 = Debug|Any CPU
		{03FB3E5C-548A-4F2D-957B-975D20CCCA72}.Debug|x86.ActiveCfg = Debug|Any CPU
		{03FB3E5C-548A-4F2D-957B-975D20CCCA72}.Debug|x86.Build.0 = Debug|Any CPU
		{03FB3E5C-548A-4F2D-957B-975D20CCCA72}.Release|Any CPU.ActiveCfg = Release|Any CPU
		{03FB3E5C-548A-4F2D-957B-975D20CCCA72}.Release|Any CPU.Build.0 = Release|Any CPU
		{03FB3E5C-548A-4F2D-957B-975D20CCCA72}.Release|x64.ActiveCfg = Release|Any CPU
		{03FB3E5C-548A-4F2D-957B-975D20CCCA72}.Release|x64.Build.0 = Release|Any CPU
		{03FB3E5C-548A-4F2D-957B-975D20CCCA72}.Release|x86.ActiveCfg = Release|Any CPU
		{03FB3E5C-548A-4F2D-957B-975D20CCCA72}.Release|x86.Build.0 = Release|Any CPU
		{4A893C44-F5BC-4ED0-B868-EC06A94F2C93}.Debug|Any CPU.ActiveCfg = Debug|Any CPU
		{4A893C44-F5BC-4ED0-B868-EC06A94F2C93}.Debug|Any CPU.Build.0 = Debug|Any CPU
		{4A893C44-F5BC-4ED0-B868-EC06A94F2C93}.Debug|x64.ActiveCfg = Debug|Any CPU
		{4A893C44-F5BC-4ED0-B868-EC06A94F2C93}.Debug|x64.Build.0 = Debug|Any CPU
		{4A893C44-F5BC-4ED0-B868-EC06A94F2C93}.Debug|x86.ActiveCfg = Debug|Any CPU
		{4A893C44-F5BC-4ED0-B868-EC06A94F2C93}.Debug|x86.Build.0 = Debug|Any CPU
		{4A893C44-F5BC-4ED0-B868-EC06A94F2C93}.Release|Any CPU.ActiveCfg = Release|Any CPU
		{4A893C44-F5BC-4ED0-B868-EC06A94F2C93}.Release|Any CPU.Build.0 = Release|Any CPU
		{4A893C44-F5BC-4ED0-B868-EC06A94F2C93}.Release|x64.ActiveCfg = Release|Any CPU
		{4A893C44-F5BC-4ED0-B868-EC06A94F2C93}.Release|x64.Build.0 = Release|Any CPU
		{4A893C44-F5BC-4ED0-B868-EC06A94F2C93}.Release|x86.ActiveCfg = Release|Any CPU
		{4A893C44-F5BC-4ED0-B868-EC06A94F2C93}.Release|x86.Build.0 = Release|Any CPU
		{4D6B0947-E6F8-47A3-B7B3-5CF245EC7779}.Debug|Any CPU.ActiveCfg = Debug|Any CPU
		{4D6B0947-E6F8-47A3-B7B3-5CF245EC7779}.Debug|Any CPU.Build.0 = Debug|Any CPU
		{4D6B0947-E6F8-47A3-B7B3-5CF245EC7779}.Debug|x64.ActiveCfg = Debug|Any CPU
		{4D6B0947-E6F8-47A3-B7B3-5CF245EC7779}.Debug|x64.Build.0 = Debug|Any CPU
		{4D6B0947-E6F8-47A3-B7B3-5CF245EC7779}.Debug|x86.ActiveCfg = Debug|Any CPU
		{4D6B0947-E6F8-47A3-B7B3-5CF245EC7779}.Debug|x86.Build.0 = Debug|Any CPU
		{4D6B0947-E6F8-47A3-B7B3-5CF245EC7779}.Release|Any CPU.ActiveCfg = Release|Any CPU
		{4D6B0947-E6F8-47A3-B7B3-5CF245EC7779}.Release|Any CPU.Build.0 = Release|Any CPU
		{4D6B0947-E6F8-47A3-B7B3-5CF245EC7779}.Release|x64.ActiveCfg = Release|Any CPU
		{4D6B0947-E6F8-47A3-B7B3-5CF245EC7779}.Release|x64.Build.0 = Release|Any CPU
		{4D6B0947-E6F8-47A3-B7B3-5CF245EC7779}.Release|x86.ActiveCfg = Release|Any CPU
		{4D6B0947-E6F8-47A3-B7B3-5CF245EC7779}.Release|x86.Build.0 = Release|Any CPU
		{BBEECC8B-A013-4D88-837B-E935737EB5B3}.Debug|Any CPU.ActiveCfg = Debug|Any CPU
		{BBEECC8B-A013-4D88-837B-E935737EB5B3}.Debug|Any CPU.Build.0 = Debug|Any CPU
		{BBEECC8B-A013-4D88-837B-E935737EB5B3}.Debug|x64.ActiveCfg = Debug|Any CPU
		{BBEECC8B-A013-4D88-837B-E935737EB5B3}.Debug|x64.Build.0 = Debug|Any CPU
		{BBEECC8B-A013-4D88-837B-E935737EB5B3}.Debug|x86.ActiveCfg = Debug|Any CPU
		{BBEECC8B-A013-4D88-837B-E935737EB5B3}.Debug|x86.Build.0 = Debug|Any CPU
		{BBEECC8B-A013-4D88-837B-E935737EB5B3}.Release|Any CPU.ActiveCfg = Release|Any CPU
		{BBEECC8B-A013-4D88-837B-E935737EB5B3}.Release|Any CPU.Build.0 = Release|Any CPU
		{BBEECC8B-A013-4D88-837B-E935737EB5B3}.Release|x64.ActiveCfg = Release|Any CPU
		{BBEECC8B-A013-4D88-837B-E935737EB5B3}.Release|x64.Build.0 = Release|Any CPU
		{BBEECC8B-A013-4D88-837B-E935737EB5B3}.Release|x86.ActiveCfg = Release|Any CPU
		{BBEECC8B-A013-4D88-837B-E935737EB5B3}.Release|x86.Build.0 = Release|Any CPU
		{F82A8BD7-0553-4974-9B86-3817F9C9424B}.Debug|Any CPU.ActiveCfg = Debug|Any CPU
		{F82A8BD7-0553-4974-9B86-3817F9C9424B}.Debug|Any CPU.Build.0 = Debug|Any CPU
		{F82A8BD7-0553-4974-9B86-3817F9C9424B}.Debug|x64.ActiveCfg = Debug|Any CPU
		{F82A8BD7-0553-4974-9B86-3817F9C9424B}.Debug|x64.Build.0 = Debug|Any CPU
		{F82A8BD7-0553-4974-9B86-3817F9C9424B}.Debug|x86.ActiveCfg = Debug|Any CPU
		{F82A8BD7-0553-4974-9B86-3817F9C9424B}.Debug|x86.Build.0 = Debug|Any CPU
		{F82A8BD7-0553-4974-9B86-3817F9C9424B}.Release|Any CPU.ActiveCfg = Release|Any CPU
		{F82A8BD7-0553-4974-9B86-3817F9C9424B}.Release|Any CPU.Build.0 = Release|Any CPU
		{F82A8BD7-0553-4974-9B86-3817F9C9424B}.Release|x64.ActiveCfg = Release|Any CPU
		{F82A8BD7-0553-4974-9B86-3817F9C9424B}.Release|x64.Build.0 = Release|Any CPU
		{F82A8BD7-0553-4974-9B86-3817F9C9424B}.Release|x86.ActiveCfg = Release|Any CPU
		{F82A8BD7-0553-4974-9B86-3817F9C9424B}.Release|x86.Build.0 = Release|Any CPU
		{FEC9EA96-4A19-4ED4-832D-E28A0A4F2737}.Debug|Any CPU.ActiveCfg = Debug|Any CPU
		{FEC9EA96-4A19-4ED4-832D-E28A0A4F2737}.Debug|Any CPU.Build.0 = Debug|Any CPU
		{FEC9EA96-4A19-4ED4-832D-E28A0A4F2737}.Debug|x64.ActiveCfg = Debug|Any CPU
		{FEC9EA96-4A19-4ED4-832D-E28A0A4F2737}.Debug|x64.Build.0 = Debug|Any CPU
		{FEC9EA96-4A19-4ED4-832D-E28A0A4F2737}.Debug|x86.ActiveCfg = Debug|Any CPU
		{FEC9EA96-4A19-4ED4-832D-E28A0A4F2737}.Debug|x86.Build.0 = Debug|Any CPU
		{FEC9EA96-4A19-4ED4-832D-E28A0A4F2737}.Release|Any CPU.ActiveCfg = Release|Any CPU
		{FEC9EA96-4A19-4ED4-832D-E28A0A4F2737}.Release|Any CPU.Build.0 = Release|Any CPU
		{FEC9EA96-4A19-4ED4-832D-E28A0A4F2737}.Release|x64.ActiveCfg = Release|Any CPU
		{FEC9EA96-4A19-4ED4-832D-E28A0A4F2737}.Release|x64.Build.0 = Release|Any CPU
		{FEC9EA96-4A19-4ED4-832D-E28A0A4F2737}.Release|x86.ActiveCfg = Release|Any CPU
		{FEC9EA96-4A19-4ED4-832D-E28A0A4F2737}.Release|x86.Build.0 = Release|Any CPU
		{18F58E6E-9573-4B84-A9D9-CC2E1CDC7692}.Debug|Any CPU.ActiveCfg = Debug|Any CPU
		{18F58E6E-9573-4B84-A9D9-CC2E1CDC7692}.Debug|Any CPU.Build.0 = Debug|Any CPU
		{18F58E6E-9573-4B84-A9D9-CC2E1CDC7692}.Debug|x64.ActiveCfg = Debug|Any CPU
		{18F58E6E-9573-4B84-A9D9-CC2E1CDC7692}.Debug|x64.Build.0 = Debug|Any CPU
		{18F58E6E-9573-4B84-A9D9-CC2E1CDC7692}.Debug|x86.ActiveCfg = Debug|Any CPU
		{18F58E6E-9573-4B84-A9D9-CC2E1CDC7692}.Debug|x86.Build.0 = Debug|Any CPU
		{18F58E6E-9573-4B84-A9D9-CC2E1CDC7692}.Release|Any CPU.ActiveCfg = Release|Any CPU
		{18F58E6E-9573-4B84-A9D9-CC2E1CDC7692}.Release|Any CPU.Build.0 = Release|Any CPU
		{18F58E6E-9573-4B84-A9D9-CC2E1CDC7692}.Release|x64.ActiveCfg = Release|Any CPU
		{18F58E6E-9573-4B84-A9D9-CC2E1CDC7692}.Release|x64.Build.0 = Release|Any CPU
		{18F58E6E-9573-4B84-A9D9-CC2E1CDC7692}.Release|x86.ActiveCfg = Release|Any CPU
		{18F58E6E-9573-4B84-A9D9-CC2E1CDC7692}.Release|x86.Build.0 = Release|Any CPU
	EndGlobalSection
	GlobalSection(SolutionProperties) = preSolution
		HideSolutionNode = FALSE
	EndGlobalSection
	GlobalSection(NestedProjects) = preSolution
		{03FB3E5C-548A-4F2D-957B-975D20CCCA72} = {827E0CD3-B72D-47B6-A68D-7590B98EB39B}
		{4A893C44-F5BC-4ED0-B868-EC06A94F2C93} = {827E0CD3-B72D-47B6-A68D-7590B98EB39B}
		{4D6B0947-E6F8-47A3-B7B3-5CF245EC7779} = {827E0CD3-B72D-47B6-A68D-7590B98EB39B}
		{BBEECC8B-A013-4D88-837B-E935737EB5B3} = {827E0CD3-B72D-47B6-A68D-7590B98EB39B}
		{F82A8BD7-0553-4974-9B86-3817F9C9424B} = {827E0CD3-B72D-47B6-A68D-7590B98EB39B}
		{FEC9EA96-4A19-4ED4-832D-E28A0A4F2737} = {827E0CD3-B72D-47B6-A68D-7590B98EB39B}
		{18F58E6E-9573-4B84-A9D9-CC2E1CDC7692} = {827E0CD3-B72D-47B6-A68D-7590B98EB39B}
	EndGlobalSection
EndGlobal
